
Microsoft Visual Studio Solution File, Format Version 12.00
# Visual Studio Version 16
VisualStudioVersion = 16.0.29025.244
MinimumVisualStudioVersion = 10.0.40219.1
Project("{FAE04EC0-301F-11D3-BF4B-00C04F79EFBC}") = "FTP Server Multi Update File", "FTP Server Multi Update File\FTP Server Multi Update File.csproj", "{C497F634-1223-4B43-B071-6A79B5D7150E}"
EndProject
Global
	GlobalSection(SolutionConfigurationPlatforms) = preSolution
		Debug|Any CPU = Debug|Any CPU
		Release|Any CPU = Release|Any CPU
	EndGlobalSection
	GlobalSection(ProjectConfigurationPlatforms) = postSolution
		{C497F634-1223-4B43-B071-6A79B5D7150E}.Debug|Any CPU.ActiveCfg = Debug|Any CPU
		{C497F634-1223-4B43-B071-6A79B5D7150E}.Debug|Any CPU.Build.0 = Debug|Any CPU
		{C497F634-1223-4B43-B071-6A79B5D7150E}.Release|Any CPU.ActiveCfg = Release|Any CPU
		{C497F634-1223-4B43-B071-6A79B5D7150E}.Release|Any CPU.Build.0 = Release|Any CPU
	EndGlobalSection
	GlobalSection(SolutionProperties) = preSolution
		HideSolutionNode = FALSE
	EndGlobalSection
	GlobalSection(ExtensibilityGlobals) = postSolution
		SolutionGuid = {7CA82D9D-1928-495B-9F07-813224F9940E}
	EndGlobalSection
EndGlobal
